
Microsoft Visual Studio Solution File, Format Version 12.00
# Visual Studio Version 17
VisualStudioVersion = 17.7.34031.279
MinimumVisualStudioVersion = 10.0.40219.1
Project("{9A19103F-16F7-4668-BE54-9A1E7A4F7556}") = "Inkwave.WebAPI", "Inkwave.Api\Inkwave.WebAPI.csproj", "{CA97DD50-C675-4017-BFF6-62AA075E5FC3}"
EndProject
Project("{9A19103F-16F7-4668-BE54-9A1E7A4F7556}") = "Inkwave.Domain", "Inkwave.Domain\Inkwave.Domain.csproj", "{69517B6A-FCC9-4869-AF24-CCE740CD067A}"
EndProject
Project("{9A19103F-16F7-4668-BE54-9A1E7A4F7556}") = "Inkwave.Application", "Inkwave.Application\Inkwave.Application.csproj", "{CD3861FE-01CF-467C-8080-AC23D394818F}"
EndProject
Project("{9A19103F-16F7-4668-BE54-9A1E7A4F7556}") = "Inkwave.Infrastructure", "Inkwave.Infrastructure\Inkwave.Infrastructure.csproj", "{E1F72F81-A379-4D22-9B66-B7C16A634E77}"
EndProject
Project("{9A19103F-16F7-4668-BE54-9A1E7A4F7556}") = "Inkwave.Persistence", "Inkwave.Presentation\Inkwave.Persistence.csproj", "{72D4A1F4-0046-4394-BB39-E871E667BB93}"
EndProject
Project("{2150E333-8FDC-42A3-9474-1A3956D46DE8}") = "Core", "Core", "{6C582767-ADC7-4AD7-8B19-4DF2B8D30D99}"
EndProject
Project("{2150E333-8FDC-42A3-9474-1A3956D46DE8}") = "Infrastructure", "Infrastructure", "{83DC441B-B69F-4754-9066-CF7D001F407A}"
EndProject
Project("{2150E333-8FDC-42A3-9474-1A3956D46DE8}") = "Presentation", "Presentation", "{BF649C72-73F3-42E1-B88F-B3D16FC04668}"
EndProject
Project("{2150E333-8FDC-42A3-9474-1A3956D46DE8}") = "Shared", "Shared", "{ADB90E17-D214-4DF1-9EA6-52F3552DA179}"
EndProject
Project("{9A19103F-16F7-4668-BE54-9A1E7A4F7556}") = "Inkwave.Shared", "Inkwave.Shared\Inkwave.Shared.csproj", "{A248098E-B3AD-4945-9905-67428B859B8B}"
EndProject
Global
	GlobalSection(SolutionConfigurationPlatforms) = preSolution
		Debug|Any CPU = Debug|Any CPU
		Release|Any CPU = Release|Any CPU
	EndGlobalSection
	GlobalSection(ProjectConfigurationPlatforms) = postSolution
		{CA97DD50-C675-4017-BFF6-62AA075E5FC3}.Debug|Any CPU.ActiveCfg = Debug|Any CPU
		{CA97DD50-C675-4017-BFF6-62AA075E5FC3}.Debug|Any CPU.Build.0 = Debug|Any CPU
		{CA97DD50-C675-4017-BFF6-62AA075E5FC3}.Release|Any CPU.ActiveCfg = Release|Any CPU
		{CA97DD50-C675-4017-BFF6-62AA075E5FC3}.Release|Any CPU.Build.0 = Release|Any CPU
		{69517B6A-FCC9-4869-AF24-CCE740CD067A}.Debug|Any CPU.ActiveCfg = Debug|Any CPU
		{69517B6A-FCC9-4869-AF24-CCE740CD067A}.Debug|Any CPU.Build.0 = Debug|Any CPU
		{69517B6A-FCC9-4869-AF24-CCE740CD067A}.Release|Any CPU.ActiveCfg = Release|Any CPU
		{69517B6A-FCC9-4869-AF24-CCE740CD067A}.Release|Any CPU.Build.0 = Release|Any CPU
		{CD3861FE-01CF-467C-8080-AC23D394818F}.Debug|Any CPU.ActiveCfg = Debug|Any CPU
		{CD3861FE-01CF-467C-8080-AC23D394818F}.Debug|Any CPU.Build.0 = Debug|Any CPU
		{CD3861FE-01CF-467C-8080-AC23D394818F}.Release|Any CPU.ActiveCfg = Release|Any CPU
		{CD3861FE-01CF-467C-8080-AC23D394818F}.Release|Any CPU.Build.0 = Release|Any CPU
		{E1F72F81-A379-4D22-9B66-B7C16A634E77}.Debug|Any CPU.ActiveCfg = Debug|Any CPU
		{E1F72F81-A379-4D22-9B66-B7C16A634E77}.Debug|Any CPU.Build.0 = Debug|Any CPU
		{E1F72F81-A379-4D22-9B66-B7C16A634E77}.Release|Any CPU.ActiveCfg = Release|Any CPU
		{E1F72F81-A379-4D22-9B66-B7C16A634E77}.Release|Any CPU.Build.0 = Release|Any CPU
		{72D4A1F4-0046-4394-BB39-E871E667BB93}.Debug|Any CPU.ActiveCfg = Debug|Any CPU
		{72D4A1F4-0046-4394-BB39-E871E667BB93}.Debug|Any CPU.Build.0 = Debug|Any CPU
		{72D4A1F4-0046-4394-BB39-E871E667BB93}.Release|Any CPU.ActiveCfg = Release|Any CPU
		{72D4A1F4-0046-4394-BB39-E871E667BB93}.Release|Any CPU.Build.0 = Release|Any CPU
		{A248098E-B3AD-4945-9905-67428B859B8B}.Debug|Any CPU.ActiveCfg = Debug|Any CPU
		{A248098E-B3AD-4945-9905-67428B859B8B}.Debug|Any CPU.Build.0 = Debug|Any CPU
		{A248098E-B3AD-4945-9905-67428B859B8B}.Release|Any CPU.ActiveCfg = Release|Any CPU
		{A248098E-B3AD-4945-9905-67428B859B8B}.Release|Any CPU.Build.0 = Release|Any CPU
	EndGlobalSection
	GlobalSection(SolutionProperties) = preSolution
		HideSolutionNode = FALSE
	EndGlobalSection
	GlobalSection(NestedProjects) = preSolution
		{CA97DD50-C675-4017-BFF6-62AA075E5FC3} = {BF649C72-73F3-42E1-B88F-B3D16FC04668}
		{69517B6A-FCC9-4869-AF24-CCE740CD067A} = {6C582767-ADC7-4AD7-8B19-4DF2B8D30D99}
		{CD3861FE-01CF-467C-8080-AC23D394818F} = {6C582767-ADC7-4AD7-8B19-4DF2B8D30D99}
		{E1F72F81-A379-4D22-9B66-B7C16A634E77} = {83DC441B-B69F-4754-9066-CF7D001F407A}
		{72D4A1F4-0046-4394-BB39-E871E667BB93} = {83DC441B-B69F-4754-9066-CF7D001F407A}
		{A248098E-B3AD-4945-9905-67428B859B8B} = {ADB90E17-D214-4DF1-9EA6-52F3552DA179}
	EndGlobalSection
	GlobalSection(ExtensibilityGlobals) = postSolution
		SolutionGuid = {4C95986B-5A66-4E63-AC5B-DBEA03AF9B6A}
	EndGlobalSection
EndGlobal
